
Microsoft Visual Studio Solution File, Format Version 12.00
# Visual Studio Version 18
VisualStudioVersion = 18.1.11312.151 d18.0
MinimumVisualStudioVersion = 10.0.40219.1
Project("{FAE04EC0-301F-11D3-BF4B-00C04F79EFBC}") = "Typewriter.ItemTemplates", "src\ItemTemplates\Typewriter.ItemTemplates.csproj", "{417568AF-7B73-4C93-9261-025D69AC89A5}"
EndProject
Project("{FAE04EC0-301F-11D3-BF4B-00C04F79EFBC}") = "Typewriter.Tests", "src\Tests\Typewriter.Tests.csproj", "{F583276A-51A1-4DDD-B225-11A5F9A01217}"
EndProject
Project("{FAE04EC0-301F-11D3-BF4B-00C04F79EFBC}") = "Typewriter.CodeModel", "src\CodeModel\Typewriter.CodeModel.csproj", "{4EC6C920-D234-49F1-B17B-98A4DE24FF87}"
EndProject
Project("{FAE04EC0-301F-11D3-BF4B-00C04F79EFBC}") = "Typewriter.Metadata", "src\Metadata\Typewriter.Metadata.csproj", "{511E50CC-6073-43EE-9E8B-DD6F584C81A8}"
EndProject
Project("{FAE04EC0-301F-11D3-BF4B-00C04F79EFBC}") = "Typewriter.Metadata.Roslyn", "src\Roslyn\Typewriter.Metadata.Roslyn.csproj", "{3D74F5FF-AD4C-40A5-9577-5ED378031FF6}"
EndProject
Project("{FAE04EC0-301F-11D3-BF4B-00C04F79EFBC}") = "Typewriter", "src\Typewriter\Typewriter.csproj", "{0427C151-9B9D-4C77-8A64-68BF2C929595}"
EndProject
Project("{2150E333-8FDC-42A3-9474-1A3956D46DE8}") = "Buildalyzer", "Buildalyzer", "{0469F12A-13D7-439A-9F02-29B0F05FD3DA}"
EndProject
Project("{9A19103F-16F7-4668-BE54-9A1E7A4F7556}") = "Buildalyzer", "Buildalyzer\src\Buildalyzer\Buildalyzer.csproj", "{47D9EE24-BC5F-49E9-B3D5-5E36D93D0715}"
EndProject
Project("{9A19103F-16F7-4668-BE54-9A1E7A4F7556}") = "Buildalyzer.Logger", "Buildalyzer\src\Buildalyzer.Logger\Buildalyzer.Logger.csproj", "{38654945-2FAF-47BC-B0D6-2DA2DB102370}"
EndProject
Project("{9A19103F-16F7-4668-BE54-9A1E7A4F7556}") = "Buildalyzer.Workspaces", "Buildalyzer\src\Buildalyzer.Workspaces\Buildalyzer.Workspaces.csproj", "{8425C5E0-31A3-4FC5-B7DC-FAA6FCF5434F}"
EndProject
Project("{2150E333-8FDC-42A3-9474-1A3956D46DE8}") = ".props", ".props", "{D0FD1264-DAA0-4B80-9180-DE44C0C46D18}"
	ProjectSection(SolutionItems) = preProject
		AdaskoTheBeAsT.ruleset = AdaskoTheBeAsT.ruleset
		Directory.Build.props = Directory.Build.props
		README.md = README.md
		SecurityCodeScan.config.yml = SecurityCodeScan.config.yml
		Settings.StyleCop = Settings.StyleCop
		stylecop.json = stylecop.json
	EndProjectSection
EndProject
Project("{2150E333-8FDC-42A3-9474-1A3956D46DE8}") = "src", "src", "{877DD8C5-6710-460E-8296-94616570A5E0}"
	ProjectSection(SolutionItems) = preProject
		src\Directory.Build.props = src\Directory.Build.props
	EndProjectSection
EndProject
Global
	GlobalSection(SolutionConfigurationPlatforms) = preSolution
		Debug|Any CPU = Debug|Any CPU
		Release|Any CPU = Release|Any CPU
	EndGlobalSection
	GlobalSection(ProjectConfigurationPlatforms) = postSolution
		{417568AF-7B73-4C93-9261-025D69AC89A5}.Debug|Any CPU.ActiveCfg = Debug|Any CPU
		{417568AF-7B73-4C93-9261-025D69AC89A5}.Debug|Any CPU.Build.0 = Debug|Any CPU
		{417568AF-7B73-4C93-9261-025D69AC89A5}.Release|Any CPU.ActiveCfg = Release|Any CPU
		{417568AF-7B73-4C93-9261-025D69AC89A5}.Release|Any CPU.Build.0 = Release|Any CPU
		{F583276A-51A1-4DDD-B225-11A5F9A01217}.Debug|Any CPU.ActiveCfg = Debug|Any CPU
		{F583276A-51A1-4DDD-B225-11A5F9A01217}.Debug|Any CPU.Build.0 = Debug|Any CPU
		{F583276A-51A1-4DDD-B225-11A5F9A01217}.Release|Any CPU.ActiveCfg = Release|Any CPU
		{F583276A-51A1-4DDD-B225-11A5F9A01217}.Release|Any CPU.Build.0 = Release|Any CPU
		{4EC6C920-D234-49F1-B17B-98A4DE24FF87}.Debug|Any CPU.ActiveCfg = Debug|Any CPU
		{4EC6C920-D234-49F1-B17B-98A4DE24FF87}.Debug|Any CPU.Build.0 = Debug|Any CPU
		{4EC6C920-D234-49F1-B17B-98A4DE24FF87}.Release|Any CPU.ActiveCfg = Release|Any CPU
		{4EC6C920-D234-49F1-B17B-98A4DE24FF87}.Release|Any CPU.Build.0 = Release|Any CPU
		{511E50CC-6073-43EE-9E8B-DD6F584C81A8}.Debug|Any CPU.ActiveCfg = Debug|Any CPU
		{511E50CC-6073-43EE-9E8B-DD6F584C81A8}.Debug|Any CPU.Build.0 = Debug|Any CPU
		{511E50CC-6073-43EE-9E8B-DD6F584C81A8}.Release|Any CPU.ActiveCfg = Release|Any CPU
		{511E50CC-6073-43EE-9E8B-DD6F584C81A8}.Release|Any CPU.Build.0 = Release|Any CPU
		{3D74F5FF-AD4C-40A5-9577-5ED378031FF6}.Debug|Any CPU.ActiveCfg = Debug|Any CPU
		{3D74F5FF-AD4C-40A5-9577-5ED378031FF6}.Debug|Any CPU.Build.0 = Debug|Any CPU
		{3D74F5FF-AD4C-40A5-9577-5ED378031FF6}.Release|Any CPU.ActiveCfg = Release|Any CPU
		{3D74F5FF-AD4C-40A5-9577-5ED378031FF6}.Release|Any CPU.Build.0 = Release|Any CPU
		{0427C151-9B9D-4C77-8A64-68BF2C929595}.Debug|Any CPU.ActiveCfg = Debug|Any CPU
		{0427C151-9B9D-4C77-8A64-68BF2C929595}.Debug|Any CPU.Build.0 = Debug|Any CPU
		{0427C151-9B9D-4C77-8A64-68BF2C929595}.Release|Any CPU.ActiveCfg = Release|Any CPU
		{0427C151-9B9D-4C77-8A64-68BF2C929595}.Release|Any CPU.Build.0 = Release|Any CPU
		{47D9EE24-BC5F-49E9-B3D5-5E36D93D0715}.Debug|Any CPU.ActiveCfg = Debug|Any CPU
		{47D9EE24-BC5F-49E9-B3D5-5E36D93D0715}.Debug|Any CPU.Build.0 = Debug|Any CPU
		{47D9EE24-BC5F-49E9-B3D5-5E36D93D0715}.Release|Any CPU.ActiveCfg = Release|Any CPU
		{47D9EE24-BC5F-49E9-B3D5-5E36D93D0715}.Release|Any CPU.Build.0 = Release|Any CPU
		{38654945-2FAF-47BC-B0D6-2DA2DB102370}.Debug|Any CPU.ActiveCfg = Debug|Any CPU
		{38654945-2FAF-47BC-B0D6-2DA2DB102370}.Debug|Any CPU.Build.0 = Debug|Any CPU
		{38654945-2FAF-47BC-B0D6-2DA2DB102370}.Release|Any CPU.ActiveCfg = Release|Any CPU
		{38654945-2FAF-47BC-B0D6-2DA2DB102370}.Release|Any CPU.Build.0 = Release|Any CPU
		{8425C5E0-31A3-4FC5-B7DC-FAA6FCF5434F}.Debug|Any CPU.ActiveCfg = Debug|Any CPU
		{8425C5E0-31A3-4FC5-B7DC-FAA6FCF5434F}.Debug|Any CPU.Build.0 = Debug|Any CPU
		{8425C5E0-31A3-4FC5-B7DC-FAA6FCF5434F}.Release|Any CPU.ActiveCfg = Release|Any CPU
		{8425C5E0-31A3-4FC5-B7DC-FAA6FCF5434F}.Release|Any CPU.Build.0 = Release|Any CPU
	EndGlobalSection
	GlobalSection(SolutionProperties) = preSolution
		HideSolutionNode = FALSE
	EndGlobalSection
	GlobalSection(NestedProjects) = preSolution
		{47D9EE24-BC5F-49E9-B3D5-5E36D93D0715} = {0469F12A-13D7-439A-9F02-29B0F05FD3DA}
		{38654945-2FAF-47BC-B0D6-2DA2DB102370} = {0469F12A-13D7-439A-9F02-29B0F05FD3DA}
		{8425C5E0-31A3-4FC5-B7DC-FAA6FCF5434F} = {0469F12A-13D7-439A-9F02-29B0F05FD3DA}
		{877DD8C5-6710-460E-8296-94616570A5E0} = {D0FD1264-DAA0-4B80-9180-DE44C0C46D18}
	EndGlobalSection
	GlobalSection(ExtensibilityGlobals) = postSolution
		SolutionGuid = {79E19463-98B9-4919-94DB-523F11EF9596}
	EndGlobalSection
EndGlobal
